
Microsoft Visual Studio Solution File, Format Version 12.00
# Visual Studio Version 17
VisualStudioVersion = 17.14.36518.9 d17.14
MinimumVisualStudioVersion = 10.0.40219.1
Project("{888888A0-9F3D-457C-B088-3A5042F75D52}") = "fansports", "fansports\fansports.pyproj", "{30FCE6AB-C004-4EB0-890C-8FDF5F7FA381}"
EndProject
Global
	GlobalSection(SolutionConfigurationPlatforms) = preSolution
		Debug|Any CPU = Debug|Any CPU
		Release|Any CPU = Release|Any CPU
	EndGlobalSection
	GlobalSection(ProjectConfigurationPlatforms) = postSolution
		{30FCE6AB-C004-4EB0-890C-8FDF5F7FA381}.Debug|Any CPU.ActiveCfg = Debug|Any CPU
		{30FCE6AB-C004-4EB0-890C-8FDF5F7FA381}.Debug|Any CPU.Build.0 = Debug|Any CPU
		{30FCE6AB-C004-4EB0-890C-8FDF5F7FA381}.Release|Any CPU.ActiveCfg = Release|Any CPU
		{30FCE6AB-C004-4EB0-890C-8FDF5F7FA381}.Release|Any CPU.Build.0 = Release|Any CPU
	EndGlobalSection
	GlobalSection(SolutionProperties) = preSolution
		HideSolutionNode = FALSE
	EndGlobalSection
	GlobalSection(ExtensibilityGlobals) = postSolution
		SolutionGuid = {0E771CEA-8892-4392-B45E-C2515954A2DB}
	EndGlobalSection
EndGlobal
